github.com/NicoNex/echotron/v3 v3.26.0 h1:kNO9AD0CNXAlbd96Z4jT8NHcn2OPD3wTXs6HnjXHXU0=
github.com/NicoNex/echotron/v3 v3.26.0/go.mod h1:LpP5IyHw0y+DZUZMBgXEDAF9O8feXrQu7w7nlJzzoZI=
github.com/joho/godotenv v1.5.1 h1:7eLL/+HRGLY0ldzfGMeQkb7vMd0as4CfYvUVzLqw0N0=
github.com/joho/godotenv v1.5.1/go.mod h1:f4LDr5Voq0i2e/R5DDNOoa2zzDfwtkZa6DnEwAbqwq4=
